{
    "name": "gitbook",
    "version": "0.0.1",
    "lockfileVersion": 2,
    "requires": true,
    "packages": {
        "": {
            "name": "gitbook",
            "version": "0.0.1",
            "dependencies": {
                "gitbook-plugin-gtm": "^0.0.6"
            }
        },
        "node_modules/gitbook-plugin-gtm": {
            "version": "0.0.6",
            "resolved": "https://registry.npmjs.org/gitbook-plugin-gtm/-/gitbook-plugin-gtm-0.0.6.tgz",
            "integrity": "sha512-w+m5lm7n6teCb6gZN7rtviupp5RVJSdeC31xOLfr/jW/QuN0MELFutv6mC9jTJlt7rfj+B9ldtucyoPYBQKKpQ==",
            "engines": {
                "gitbook": ">=3.0.0-pre.0"
            }
        }
    },
    "dependencies": {
        "gitbook-plugin-gtm": {
            "version": "0.0.6",
            "resolved": "https://registry.npmjs.org/gitbook-plugin-gtm/-/gitbook-plugin-gtm-0.0.6.tgz",
            "integrity": "sha512-w+m5lm7n6teCb6gZN7rtviupp5RVJSdeC31xOLfr/jW/QuN0MELFutv6mC9jTJlt7rfj+B9ldtucyoPYBQKKpQ=="
        }
    }
}
